schema: '2.0'
stages:
  get_data:
    cmd: python3 src/get_data_v2.py
    deps:
    - path: src/get_data_v2.py
      hash: md5
      md5: 94458f55fdfb95de224bde853177d5e2
      size: 2301
    outs:
    - path: data/data_raw.csv
      hash: md5
      md5: b427a8c0156e79f12e418b08cde43c7e
      size: 68868
  process:
    cmd: python3 src/process_data_v2.py
    deps:
    - path: data/data_raw.csv
      hash: md5
      md5: b427a8c0156e79f12e418b08cde43c7e
      size: 68868
    - path: src/process_data_v2.py
      hash: md5
      md5: 002f2abc1649608e4b10502444d528f7
      size: 1577
    outs:
    - path: data/data_processed.csv
      hash: md5
      md5: 03269b6c0a766dc80e090326008765b3
      size: 24227
  train:
    cmd: python3 src/train_v2.py
    deps:
    - path: data/data_processed.csv
      hash: md5
      md5: 03269b6c0a766dc80e090326008765b3
      size: 24227
    - path: src/train_v2.py
      hash: md5
      md5: 1fa73d8a7bfb527ed3fd60c83b4b5a0c
      size: 1976
    outs:
    - path: report/by_region.png
      hash: md5
      md5: dab3f73869cd83c52a7f8db643e5bf5e
      size: 7900
    - path: report/metrics.json
      hash: md5
      md5: f4844c28505568f336c5f91db3f1beb3
      size: 89
